
Microsoft Visual Studio Solution File, Format Version 12.00
# Visual Studio Version 17
VisualStudioVersion = 17.4.33213.308
MinimumVisualStudioVersion = 10.0.40219.1
Project("{FAE04EC0-301F-11D3-BF4B-00C04F79EFBC}") = "Backend.API", "App.Backend.API\Backend.API.csproj", "{C245CC7D-5DFB-4D97-A753-4AC110BAF8D5}"
EndProject
Project("{FAE04EC0-301F-11D3-BF4B-00C04F79EFBC}") = "Backend.Domain", "Backend.Domain\Backend.Domain.csproj", "{6425871A-B4A3-466F-BAA9-61A01F355F26}"
EndProject
Project("{FAE04EC0-301F-11D3-BF4B-00C04F79EFBC}") = "Backend.Infrastructure", "Backend.Infrastructure\Backend.Infrastructure.csproj", "{1E5DC2DB-5C11-4C08-9ECF-D4B0D0557801}"
EndProject
Global
	GlobalSection(SolutionConfigurationPlatforms) = preSolution
		Debug|Any CPU = Debug|Any CPU
		Release|Any CPU = Release|Any CPU
	EndGlobalSection
	GlobalSection(ProjectConfigurationPlatforms) = postSolution
		{C245CC7D-5DFB-4D97-A753-4AC110BAF8D5}.Debug|Any CPU.ActiveCfg = Debug|Any CPU
		{C245CC7D-5DFB-4D97-A753-4AC110BAF8D5}.Debug|Any CPU.Build.0 = Debug|Any CPU
		{C245CC7D-5DFB-4D97-A753-4AC110BAF8D5}.Release|Any CPU.ActiveCfg = Release|Any CPU
		{C245CC7D-5DFB-4D97-A753-4AC110BAF8D5}.Release|Any CPU.Build.0 = Release|Any CPU
		{6425871A-B4A3-466F-BAA9-61A01F355F26}.Debug|Any CPU.ActiveCfg = Debug|Any CPU
		{6425871A-B4A3-466F-BAA9-61A01F355F26}.Debug|Any CPU.Build.0 = Debug|Any CPU
		{6425871A-B4A3-466F-BAA9-61A01F355F26}.Release|Any CPU.ActiveCfg = Release|Any CPU
		{6425871A-B4A3-466F-BAA9-61A01F355F26}.Release|Any CPU.Build.0 = Release|Any CPU
		{1E5DC2DB-5C11-4C08-9ECF-D4B0D0557801}.Debug|Any CPU.ActiveCfg = Debug|Any CPU
		{1E5DC2DB-5C11-4C08-9ECF-D4B0D0557801}.Debug|Any CPU.Build.0 = Debug|Any CPU
		{1E5DC2DB-5C11-4C08-9ECF-D4B0D0557801}.Release|Any CPU.ActiveCfg = Release|Any CPU
		{1E5DC2DB-5C11-4C08-9ECF-D4B0D0557801}.Release|Any CPU.Build.0 = Release|Any CPU
	EndGlobalSection
	GlobalSection(SolutionProperties) = preSolution
		HideSolutionNode = FALSE
	EndGlobalSection
	GlobalSection(ExtensibilityGlobals) = postSolution
		SolutionGuid = {F12D65CD-2E02-4979-9FEE-2BFF2A8EBDAD}
	EndGlobalSection
EndGlobal
